
Microsoft Visual Studio Solution File, Format Version 12.00
# Visual Studio Version 17
VisualStudioVersion = 17.3.32825.248
MinimumVisualStudioVersion = 10.0.40219.1
Project("{FAE04EC0-301F-11D3-BF4B-00C04F79EFBC}") = "WK.Interview", "WK.Interview\WK.Interview.csproj", "{9821F4AF-EC75-4FB6-8176-9CE2AA80AB55}"
EndProject
Project("{FAE04EC0-301F-11D3-BF4B-00C04F79EFBC}") = "WK.Interview.Test", "WK.Interview.Test\WK.Interview.Test.csproj", "{BCD24078-67DC-4C35-AB8F-018988B312E9}"
EndProject
Global
	GlobalSection(SolutionConfigurationPlatforms) = preSolution
		Debug|Any CPU = Debug|Any CPU
		Release|Any CPU = Release|Any CPU
	EndGlobalSection
	GlobalSection(ProjectConfigurationPlatforms) = postSolution
		{9821F4AF-EC75-4FB6-8176-9CE2AA80AB55}.Debug|Any CPU.ActiveCfg = Debug|Any CPU
		{9821F4AF-EC75-4FB6-8176-9CE2AA80AB55}.Debug|Any CPU.Build.0 = Debug|Any CPU
		{9821F4AF-EC75-4FB6-8176-9CE2AA80AB55}.Release|Any CPU.ActiveCfg = Release|Any CPU
		{9821F4AF-EC75-4FB6-8176-9CE2AA80AB55}.Release|Any CPU.Build.0 = Release|Any CPU
		{BCD24078-67DC-4C35-AB8F-018988B312E9}.Debug|Any CPU.ActiveCfg = Debug|Any CPU
		{BCD24078-67DC-4C35-AB8F-018988B312E9}.Debug|Any CPU.Build.0 = Debug|Any CPU
		{BCD24078-67DC-4C35-AB8F-018988B312E9}.Release|Any CPU.ActiveCfg = Release|Any CPU
		{BCD24078-67DC-4C35-AB8F-018988B312E9}.Release|Any CPU.Build.0 = Release|Any CPU
	EndGlobalSection
	GlobalSection(SolutionProperties) = preSolution
		HideSolutionNode = FALSE
	EndGlobalSection
	GlobalSection(ExtensibilityGlobals) = postSolution
		SolutionGuid = {46B0C852-C9FC-4CB2-89EA-C1F3DA6DF746}
	EndGlobalSection
EndGlobal
